// !$*UTF8*$!
{
	archiveVersion = 1;
	classes = {
	};
	objectVersion = 55;
	objects = {

/* Begin PBXBuildFile section */
		300055AA29DC5CF200FD5EF4 /* FileTransferService.swift in Sources */ = {isa = PBXBuildFile; fileRef = 300055A929DC5CF200FD5EF4 /* FileTransferService.swift */; };
		302371BB29F51709009279B5 /* ComposableArchitecture in Frameworks */ = {isa = PBXBuildFile; productRef = 302371BA29F51709009279B5 /* ComposableArchitecture */; };
		302E6CD528206BAD00C3CD69 /* AppDelegate.swift in Sources */ = {isa = PBXBuildFile; fileRef = 302E6CD428206BAD00C3CD69 /* AppDelegate.swift */; };
		302E6CD728206BAD00C3CD69 /* ContentView.swift in Sources */ = {isa = PBXBuildFile; fileRef = 302E6CD628206BAD00C3CD69 /* ContentView.swift */; };
		302E6CD928206BAF00C3CD69 /* Assets.xcassets in Resources */ = {isa = PBXBuildFile; fileRef = 302E6CD828206BAF00C3CD69 /* Assets.xcassets */; };
		302E6CDC28206BAF00C3CD69 /* Preview Assets.xcassets in Resources */ = {isa = PBXBuildFile; fileRef = 302E6CDB28206BAF00C3CD69 /* Preview Assets.xcassets */; };
		302E6CE628206BAF00C3CD69 /* appTests.swift in Sources */ = {isa = PBXBuildFile; fileRef = 302E6CE528206BAF00C3CD69 /* appTests.swift */; };
		302E6CF028206BAF00C3CD69 /* appUITests.swift in Sources */ = {isa = PBXBuildFile; fileRef = 302E6CEF28206BAF00C3CD69 /* appUITests.swift */; };
		302E6CF228206BAF00C3CD69 /* appUITestsLaunchTests.swift in Sources */ = {isa = PBXBuildFile; fileRef = 302E6CF128206BAF00C3CD69 /* appUITestsLaunchTests.swift */; };
		303BBBF0283C186000F68138 /* Bluetooth.swift in Sources */ = {isa = PBXBuildFile; fileRef = 303BBBEF283C186000F68138 /* Bluetooth.swift */; };
		303BBBF2283C245800F68138 /* ScanView.swift in Sources */ = {isa = PBXBuildFile; fileRef = 303BBBF1283C245800F68138 /* ScanView.swift */; };
		303BBBF4283C248100F68138 /* extensions.swift in Sources */ = {isa = PBXBuildFile; fileRef = 303BBBF3283C248100F68138 /* extensions.swift */; };
		30946DCA285B70C90098B37A /* OldRecordsView.swift in Sources */ = {isa = PBXBuildFile; fileRef = 30946DC9285B70C90098B37A /* OldRecordsView.swift */; };
		30946DCC285B798A0098B37A /* Record.swift in Sources */ = {isa = PBXBuildFile; fileRef = 30946DCB285B798A0098B37A /* Record.swift */; };
		30946DCE285BB8F00098B37A /* RecordsManager.swift in Sources */ = {isa = PBXBuildFile; fileRef = 30946DCD285BB8F00098B37A /* RecordsManager.swift */; };
		30946DD0285F0F290098B37A /* SpeechRecognizer.swift in Sources */ = {isa = PBXBuildFile; fileRef = 30946DCF285F0F280098B37A /* SpeechRecognizer.swift */; };
		309BF552288C6C7600F941AB /* SideMenuView.swift in Sources */ = {isa = PBXBuildFile; fileRef = 309BF551288C6C7600F941AB /* SideMenuView.swift */; };
		30B29BE6284213EE0013C7DA /* MainView.swift in Sources */ = {isa = PBXBuildFile; fileRef = 30B29BE5284213EE0013C7DA /* MainView.swift */; };
		30B29BE8284215760013C7DA /* PairingView.swift in Sources */ = {isa = PBXBuildFile; fileRef = 30B29BE7284215760013C7DA /* PairingView.swift */; };
		30D6660129D5B17E00F84327 /* FtsTestsView.swift in Sources */ = {isa = PBXBuildFile; fileRef = 30D6660029D5B17E00F84327 /* FtsTestsView.swift */; };
		30ECCCF72A145FC800D77FD7 /* BleDevelopmentView.swift in Sources */ = {isa = PBXBuildFile; fileRef = 30ECCCF62A145FC800D77FD7 /* BleDevelopmentView.swift */; };
		30ECCCF92A1461CD00D77FD7 /* StartScreenView.swift in Sources */ = {isa = PBXBuildFile; fileRef = 30ECCCF82A1461CD00D77FD7 /* StartScreenView.swift */; };
		30ECCCFC2A14631300D77FD7 /* BluetoothProtocol.swift in Sources */ = {isa = PBXBuildFile; fileRef = 30ECCCFB2A14631300D77FD7 /* BluetoothProtocol.swift */; };
		30ECCCFF2A1466DF00D77FD7 /* BleControllerMock.swift in Sources */ = {isa = PBXBuildFile; fileRef = 30ECCCFE2A1466DF00D77FD7 /* BleControllerMock.swift */; };
		30ECCD012A14682D00D77FD7 /* BlePairingView.swift in Sources */ = {isa = PBXBuildFile; fileRef = 30ECCD002A14682D00D77FD7 /* BlePairingView.swift */; };
		30ECCD032A1468DC00D77FD7 /* RecordsView.swift in Sources */ = {isa = PBXBuildFile; fileRef = 30ECCD022A1468DC00D77FD7 /* RecordsView.swift */; };
/* End PBXBuildFile section */

/* Begin PBXContainerItemProxy section */
		302E6CE228206BAF00C3CD69 /* PBXContainerItemProxy */ = {
			isa = PBXContainerItemProxy;
			containerPortal = 302E6CC928206BAD00C3CD69 /* Project object */;
			proxyType = 1;
			remoteGlobalIDString = 302E6CD028206BAD00C3CD69;
			remoteInfo = app;
		};
		302E6CEC28206BAF00C3CD69 /* PBXContainerItemProxy */ = {
			isa = PBXContainerItemProxy;
			containerPortal = 302E6CC928206BAD00C3CD69 /* Project object */;
			proxyType = 1;
			remoteGlobalIDString = 302E6CD028206BAD00C3CD69;
			remoteInfo = app;
		};
/* End PBXContainerItemProxy section */

/* Begin PBXFileReference section */
		300055A929DC5CF200FD5EF4 /* FileTransferService.swift */ = {isa = PBXFileReference; lastKnownFileType = sourcecode.swift; path = FileTransferService.swift; sourceTree = "<group>"; };
		302E6CD128206BAD00C3CD69 /* dictofun.app */ = {isa = PBXFileReference; explicitFileType = wrapper.application; includeInIndex = 0; path = dictofun.app; sourceTree = BUILT_PRODUCTS_DIR; };
		302E6CD428206BAD00C3CD69 /* AppDelegate.swift */ = {isa = PBXFileReference; lastKnownFileType = sourcecode.swift; path = AppDelegate.swift; sourceTree = "<group>"; };
		302E6CD628206BAD00C3CD69 /* ContentView.swift */ = {isa = PBXFileReference; lastKnownFileType = sourcecode.swift; path = ContentView.swift; sourceTree = "<group>"; };
		302E6CD828206BAF00C3CD69 /* Assets.xcassets */ = {isa = PBXFileReference; lastKnownFileType = folder.assetcatalog; path = Assets.xcassets; sourceTree = "<group>"; };
		302E6CDB28206BAF00C3CD69 /* Preview Assets.xcassets */ = {isa = PBXFileReference; lastKnownFileType = folder.assetcatalog; path = "Preview Assets.xcassets"; sourceTree = "<group>"; };
		302E6CE128206BAF00C3CD69 /* dictofunTests.xctest */ = {isa = PBXFileReference; explicitFileType = wrapper.cfbundle; includeInIndex = 0; path = dictofunTests.xctest; sourceTree = BUILT_PRODUCTS_DIR; };
		302E6CE528206BAF00C3CD69 /* appTests.swift */ = {isa = PBXFileReference; lastKnownFileType = sourcecode.swift; path = appTests.swift; sourceTree = "<group>"; };
		302E6CEB28206BAF00C3CD69 /* dictofunUITests.xctest */ = {isa = PBXFileReference; explicitFileType = wrapper.cfbundle; includeInIndex = 0; path = dictofunUITests.xctest; sourceTree = BUILT_PRODUCTS_DIR; };
		302E6CEF28206BAF00C3CD69 /* appUITests.swift */ = {isa = PBXFileReference; lastKnownFileType = sourcecode.swift; path = appUITests.swift; sourceTree = "<group>"; };
		302E6CF128206BAF00C3CD69 /* appUITestsLaunchTests.swift */ = {isa = PBXFileReference; lastKnownFileType = sourcecode.swift; path = appUITestsLaunchTests.swift; sourceTree = "<group>"; };
		303BBBEF283C186000F68138 /* Bluetooth.swift */ = {isa = PBXFileReference; lastKnownFileType = sourcecode.swift; path = Bluetooth.swift; sourceTree = "<group>"; };
		303BBBF1283C245800F68138 /* ScanView.swift */ = {isa = PBXFileReference; lastKnownFileType = sourcecode.swift; path = ScanView.swift; sourceTree = "<group>"; };
		303BBBF3283C248100F68138 /* extensions.swift */ = {isa = PBXFileReference; lastKnownFileType = sourcecode.swift; path = extensions.swift; sourceTree = "<group>"; };
		303BBBF5283C252200F68138 /* Info.plist */ = {isa = PBXFileReference; lastKnownFileType = text.plist.xml; path = Info.plist; sourceTree = "<group>"; };
		30946DC9285B70C90098B37A /* OldRecordsView.swift */ = {isa = PBXFileReference; lastKnownFileType = sourcecode.swift; path = OldRecordsView.swift; sourceTree = "<group>"; };
		30946DCB285B798A0098B37A /* Record.swift */ = {isa = PBXFileReference; lastKnownFileType = sourcecode.swift; path = Record.swift; sourceTree = "<group>"; };
		30946DCD285BB8F00098B37A /* RecordsManager.swift */ = {isa = PBXFileReference; lastKnownFileType = sourcecode.swift; path = RecordsManager.swift; sourceTree = "<group>"; };
		30946DCF285F0F280098B37A /* SpeechRecognizer.swift */ = {isa = PBXFileReference; lastKnownFileType = sourcecode.swift; path = SpeechRecognizer.swift; sourceTree = "<group>"; };
		309BF551288C6C7600F941AB /* SideMenuView.swift */ = {isa = PBXFileReference; lastKnownFileType = sourcecode.swift; path = SideMenuView.swift; sourceTree = "<group>"; };
		30B29BE5284213EE0013C7DA /* MainView.swift */ = {isa = PBXFileReference; lastKnownFileType = sourcecode.swift; path = MainView.swift; sourceTree = "<group>"; };
		30B29BE7284215760013C7DA /* PairingView.swift */ = {isa = PBXFileReference; lastKnownFileType = sourcecode.swift; path = PairingView.swift; sourceTree = "<group>"; };
		30D6660029D5B17E00F84327 /* FtsTestsView.swift */ = {isa = PBXFileReference; lastKnownFileType = sourcecode.swift; path = FtsTestsView.swift; sourceTree = "<group>"; };
		30ECCCF62A145FC800D77FD7 /* BleDevelopmentView.swift */ = {isa = PBXFileReference; lastKnownFileType = sourcecode.swift; path = BleDevelopmentView.swift; sourceTree = "<group>"; };
		30ECCCF82A1461CD00D77FD7 /* StartScreenView.swift */ = {isa = PBXFileReference; lastKnownFileType = sourcecode.swift; path = StartScreenView.swift; sourceTree = "<group>"; };
		30ECCCFB2A14631300D77FD7 /* BluetoothProtocol.swift */ = {isa = PBXFileReference; lastKnownFileType = sourcecode.swift; path = BluetoothProtocol.swift; sourceTree = "<group>"; };
		30ECCCFE2A1466DF00D77FD7 /* BleControllerMock.swift */ = {isa = PBXFileReference; lastKnownFileType = sourcecode.swift; path = BleControllerMock.swift; sourceTree = "<group>"; };
		30ECCD002A14682D00D77FD7 /* BlePairingView.swift */ = {isa = PBXFileReference; lastKnownFileType = sourcecode.swift; path = BlePairingView.swift; sourceTree = "<group>"; };
		30ECCD022A1468DC00D77FD7 /* RecordsView.swift */ = {isa = PBXFileReference; lastKnownFileType = sourcecode.swift; path = RecordsView.swift; sourceTree = "<group>"; };
/* End PBXFileReference section */

/* Begin PBXFrameworksBuildPhase section */
		302E6CCE28206BAD00C3CD69 /* Frameworks */ = {
			isa = PBXFrameworksBuildPhase;
			buildActionMask = 2147483647;
			files = (
				302371BB29F51709009279B5 /* ComposableArchitecture in Frameworks */,
			);
			runOnlyForDeploymentPostprocessing = 0;
		};
		302E6CDE28206BAF00C3CD69 /* Frameworks */ = {
			isa = PBXFrameworksBuildPhase;
			buildActionMask = 2147483647;
			files = (
			);
			runOnlyForDeploymentPostprocessing = 0;
		};
		302E6CE828206BAF00C3CD69 /* Frameworks */ = {
			isa = PBXFrameworksBuildPhase;
			buildActionMask = 2147483647;
			files = (
			);
			runOnlyForDeploymentPostprocessing = 0;
		};
/* End PBXFrameworksBuildPhase section */

/* Begin PBXGroup section */
		302E6CC828206BAD00C3CD69 = {
			isa = PBXGroup;
			children = (
				302E6CD328206BAD00C3CD69 /* dictofun */,
				302E6CE428206BAF00C3CD69 /* appTests */,
				302E6CEE28206BAF00C3CD69 /* appUITests */,
				302E6CD228206BAD00C3CD69 /* Products */,
			);
			sourceTree = "<group>";
		};
		302E6CD228206BAD00C3CD69 /* Products */ = {
			isa = PBXGroup;
			children = (
				302E6CD128206BAD00C3CD69 /* dictofun.app */,
				302E6CE128206BAF00C3CD69 /* dictofunTests.xctest */,
				302E6CEB28206BAF00C3CD69 /* dictofunUITests.xctest */,
			);
			name = Products;
			sourceTree = "<group>";
		};
		302E6CD328206BAD00C3CD69 /* dictofun */ = {
			isa = PBXGroup;
			children = (
				30ECCCFD2A1466D000D77FD7 /* mocks */,
				30ECCCFA2A1462F800D77FD7 /* controllers */,
				30ECCCF52A145F9700D77FD7 /* views */,
				303BBBF5283C252200F68138 /* Info.plist */,
				303BBBF1283C245800F68138 /* ScanView.swift */,
				302E6CD428206BAD00C3CD69 /* AppDelegate.swift */,
				302E6CD628206BAD00C3CD69 /* ContentView.swift */,
				30B29BE5284213EE0013C7DA /* MainView.swift */,
				30B29BE7284215760013C7DA /* PairingView.swift */,
				303BBBEF283C186000F68138 /* Bluetooth.swift */,
				302E6CD828206BAF00C3CD69 /* Assets.xcassets */,
				302E6CDA28206BAF00C3CD69 /* Preview Content */,
				303BBBF3283C248100F68138 /* extensions.swift */,
				30946DC9285B70C90098B37A /* OldRecordsView.swift */,
				30946DCB285B798A0098B37A /* Record.swift */,
				30946DCD285BB8F00098B37A /* RecordsManager.swift */,
				30946DCF285F0F280098B37A /* SpeechRecognizer.swift */,
				309BF551288C6C7600F941AB /* SideMenuView.swift */,
				30D6660029D5B17E00F84327 /* FtsTestsView.swift */,
				300055A929DC5CF200FD5EF4 /* FileTransferService.swift */,
			);
			path = dictofun;
			sourceTree = "<group>";
		};
		302E6CDA28206BAF00C3CD69 /* Preview Content */ = {
			isa = PBXGroup;
			children = (
				302E6CDB28206BAF00C3CD69 /* Preview Assets.xcassets */,
			);
			path = "Preview Content";
			sourceTree = "<group>";
		};
		302E6CE428206BAF00C3CD69 /* appTests */ = {
			isa = PBXGroup;
			children = (
				302E6CE528206BAF00C3CD69 /* appTests.swift */,
			);
			path = appTests;
			sourceTree = "<group>";
		};
		302E6CEE28206BAF00C3CD69 /* appUITests */ = {
			isa = PBXGroup;
			children = (
				302E6CEF28206BAF00C3CD69 /* appUITests.swift */,
				302E6CF128206BAF00C3CD69 /* appUITestsLaunchTests.swift */,
			);
			path = appUITests;
			sourceTree = "<group>";
		};
		30ECCCF52A145F9700D77FD7 /* views */ = {
			isa = PBXGroup;
			children = (
				30ECCCF62A145FC800D77FD7 /* BleDevelopmentView.swift */,
				30ECCCF82A1461CD00D77FD7 /* StartScreenView.swift */,
				30ECCD002A14682D00D77FD7 /* BlePairingView.swift */,
				30ECCD022A1468DC00D77FD7 /* RecordsView.swift */,
			);
			path = views;
			sourceTree = "<group>";
		};
		30ECCCFA2A1462F800D77FD7 /* controllers */ = {
			isa = PBXGroup;
			children = (
				30ECCCFB2A14631300D77FD7 /* BluetoothProtocol.swift */,
			);
			path = controllers;
			sourceTree = "<group>";
		};
		30ECCCFD2A1466D000D77FD7 /* mocks */ = {
			isa = PBXGroup;
			children = (
				30ECCCFE2A1466DF00D77FD7 /* BleControllerMock.swift */,
			);
			path = mocks;
			sourceTree = "<group>";
		};
/* End PBXGroup section */

/* Begin PBXNativeTarget section */
		302E6CD028206BAD00C3CD69 /* dictofun */ = {
			isa = PBXNativeTarget;
			buildConfigurationList = 302E6CF528206BAF00C3CD69 /* Build configuration list for PBXNativeTarget "dictofun" */;
			buildPhases = (
				302E6CCD28206BAD00C3CD69 /* Sources */,
				302E6CCE28206BAD00C3CD69 /* Frameworks */,
				302E6CCF28206BAD00C3CD69 /* Resources */,
			);
			buildRules = (
			);
			dependencies = (
			);
			name = dictofun;
			packageProductDependencies = (
				302371BA29F51709009279B5 /* ComposableArchitecture */,
			);
			productName = app;
			productReference = 302E6CD128206BAD00C3CD69 /* dictofun.app */;
			productType = "com.apple.product-type.application";
		};
		302E6CE028206BAF00C3CD69 /* dictofunTests */ = {
			isa = PBXNativeTarget;
			buildConfigurationList = 302E6CF828206BAF00C3CD69 /* Build configuration list for PBXNativeTarget "dictofunTests" */;
			buildPhases = (
				302E6CDD28206BAF00C3CD69 /* Sources */,
				302E6CDE28206BAF00C3CD69 /* Frameworks */,
				302E6CDF28206BAF00C3CD69 /* Resources */,
			);
			buildRules = (
			);
			dependencies = (
				302E6CE328206BAF00C3CD69 /* PBXTargetDependency */,
			);
			name = dictofunTests;
			productName = appTests;
			productReference = 302E6CE128206BAF00C3CD69 /* dictofunTests.xctest */;
			productType = "com.apple.product-type.bundle.unit-test";
		};
		302E6CEA28206BAF00C3CD69 /* dictofunUITests */ = {
			isa = PBXNativeTarget;
			buildConfigurationList = 302E6CFB28206BAF00C3CD69 /* Build configuration list for PBXNativeTarget "dictofunUITests" */;
			buildPhases = (
				302E6CE728206BAF00C3CD69 /* Sources */,
				302E6CE828206BAF00C3CD69 /* Frameworks */,
				302E6CE928206BAF00C3CD69 /* Resources */,
			);
			buildRules = (
			);
			dependencies = (
				302E6CED28206BAF00C3CD69 /* PBXTargetDependency */,
			);
			name = dictofunUITests;
			productName = appUITests;
			productReference = 302E6CEB28206BAF00C3CD69 /* dictofunUITests.xctest */;
			productType = "com.apple.product-type.bundle.ui-testing";
		};
/* End PBXNativeTarget section */

/* Begin PBXProject section */
		302E6CC928206BAD00C3CD69 /* Project object */ = {
			isa = PBXProject;
			attributes = {
				BuildIndependentTargetsInParallel = 1;
				LastSwiftUpdateCheck = 1330;
				LastUpgradeCheck = 1330;
				TargetAttributes = {
					302E6CD028206BAD00C3CD69 = {
						CreatedOnToolsVersion = 13.3.1;
					};
					302E6CE028206BAF00C3CD69 = {
						CreatedOnToolsVersion = 13.3.1;
						TestTargetID = 302E6CD028206BAD00C3CD69;
					};
					302E6CEA28206BAF00C3CD69 = {
						CreatedOnToolsVersion = 13.3.1;
						TestTargetID = 302E6CD028206BAD00C3CD69;
					};
				};
			};
			buildConfigurationList = 302E6CCC28206BAD00C3CD69 /* Build configuration list for PBXProject "dictofun" */;
			compatibilityVersion = "Xcode 13.0";
			developmentRegion = en;
			hasScannedForEncodings = 0;
			knownRegions = (
				en,
				Base,
			);
			mainGroup = 302E6CC828206BAD00C3CD69;
			packageReferences = (
				302371B929F51709009279B5 /* XCRemoteSwiftPackageReference "swift-composable-architecture" */,
			);
			productRefGroup = 302E6CD228206BAD00C3CD69 /* Products */;
			projectDirPath = "";
			projectRoot = "";
			targets = (
				302E6CD028206BAD00C3CD69 /* dictofun */,
				302E6CE028206BAF00C3CD69 /* dictofunTests */,
				302E6CEA28206BAF00C3CD69 /* dictofunUITests */,
			);
		};
/* End PBXProject section */

/* Begin PBXResourcesBuildPhase section */
		302E6CCF28206BAD00C3CD69 /* Resources */ = {
			isa = PBXResourcesBuildPhase;
			buildActionMask = 2147483647;
			files = (
				302E6CDC28206BAF00C3CD69 /* Preview Assets.xcassets in Resources */,
				302E6CD928206BAF00C3CD69 /* Assets.xcassets in Resources */,
			);
			runOnlyForDeploymentPostprocessing = 0;
		};
		302E6CDF28206BAF00C3CD69 /* Resources */ = {
			isa = PBXResourcesBuildPhase;
			buildActionMask = 2147483647;
			files = (
			);
			runOnlyForDeploymentPostprocessing = 0;
		};
		302E6CE928206BAF00C3CD69 /* Resources */ = {
			isa = PBXResourcesBuildPhase;
			buildActionMask = 2147483647;
			files = (
			);
			runOnlyForDeploymentPostprocessing = 0;
		};
/* End PBXResourcesBuildPhase section */

/* Begin PBXSourcesBuildPhase section */
		302E6CCD28206BAD00C3CD69 /* Sources */ = {
			isa = PBXSourcesBuildPhase;
			buildActionMask = 2147483647;
			files = (
				30ECCCFC2A14631300D77FD7 /* BluetoothProtocol.swift in Sources */,
				30ECCD012A14682D00D77FD7 /* BlePairingView.swift in Sources */,
				30ECCCFF2A1466DF00D77FD7 /* BleControllerMock.swift in Sources */,
				30946DCE285BB8F00098B37A /* RecordsManager.swift in Sources */,
				30ECCCF72A145FC800D77FD7 /* BleDevelopmentView.swift in Sources */,
				303BBBF4283C248100F68138 /* extensions.swift in Sources */,
				300055AA29DC5CF200FD5EF4 /* FileTransferService.swift in Sources */,
				30946DD0285F0F290098B37A /* SpeechRecognizer.swift in Sources */,
				30946DCA285B70C90098B37A /* OldRecordsView.swift in Sources */,
				30946DCC285B798A0098B37A /* Record.swift in Sources */,
				30B29BE8284215760013C7DA /* PairingView.swift in Sources */,
				309BF552288C6C7600F941AB /* SideMenuView.swift in Sources */,
				30ECCCF92A1461CD00D77FD7 /* StartScreenView.swift in Sources */,
				302E6CD728206BAD00C3CD69 /* ContentView.swift in Sources */,
				303BBBF2283C245800F68138 /* ScanView.swift in Sources */,
				30D6660129D5B17E00F84327 /* FtsTestsView.swift in Sources */,
				303BBBF0283C186000F68138 /* Bluetooth.swift in Sources */,
				30ECCD032A1468DC00D77FD7 /* RecordsView.swift in Sources */,
				30B29BE6284213EE0013C7DA /* MainView.swift in Sources */,
				302E6CD528206BAD00C3CD69 /* AppDelegate.swift in Sources */,
			);
			runOnlyForDeploymentPostprocessing = 0;
		};
		302E6CDD28206BAF00C3CD69 /* Sources */ = {
			isa = PBXSourcesBuildPhase;
			buildActionMask = 2147483647;
			files = (
				302E6CE628206BAF00C3CD69 /* appTests.swift in Sources */,
			);
			runOnlyForDeploymentPostprocessing = 0;
		};
		302E6CE728206BAF00C3CD69 /* Sources */ = {
			isa = PBXSourcesBuildPhase;
			buildActionMask = 2147483647;
			files = (
				302E6CF228206BAF00C3CD69 /* appUITestsLaunchTests.swift in Sources */,
				302E6CF028206BAF00C3CD69 /* appUITests.swift in Sources */,
			);
			runOnlyForDeploymentPostprocessing = 0;
		};
/* End PBXSourcesBuildPhase section */

/* Begin PBXTargetDependency section */
		302E6CE328206BAF00C3CD69 /* PBXTargetDependency */ = {
			isa = PBXTargetDependency;
			target = 302E6CD028206BAD00C3CD69 /* dictofun */;
			targetProxy = 302E6CE228206BAF00C3CD69 /* PBXContainerItemProxy */;
		};
		302E6CED28206BAF00C3CD69 /* PBXTargetDependency */ = {
			isa = PBXTargetDependency;
			target = 302E6CD028206BAD00C3CD69 /* dictofun */;
			targetProxy = 302E6CEC28206BAF00C3CD69 /* PBXContainerItemProxy */;
		};
/* End PBXTargetDependency section */

/* Begin XCBuildConfiguration section */
		302E6CF328206BAF00C3CD69 /* Debug */ = {
			isa = XCBuildConfiguration;
			buildSettings = {
				ALWAYS_SEARCH_USER_PATHS = NO;
				CLANG_ANALYZER_NONNULL = YES;
				CLANG_ANALYZER_NUMBER_OBJECT_CONVERSION = YES_AGGRESSIVE;
				CLANG_CXX_LANGUAGE_STANDARD = "gnu++17";
				CLANG_ENABLE_MODULES = YES;
				CLANG_ENABLE_OBJC_ARC = YES;
				CLANG_ENABLE_OBJC_WEAK = YES;
				CLANG_WARN_BLOCK_CAPTURE_AUTORELEASING = YES;
				CLANG_WARN_BOOL_CONVERSION = YES;
				CLANG_WARN_COMMA = YES;
				CLANG_WARN_CONSTANT_CONVERSION = YES;
				CLANG_WARN_DEPRECATED_OBJC_IMPLEMENTATIONS = YES;
				CLANG_WARN_DIRECT_OBJC_ISA_USAGE = YES_ERROR;
				CLANG_WARN_DOCUMENTATION_COMMENTS = YES;
				CLANG_WARN_EMPTY_BODY = YES;
				CLANG_WARN_ENUM_CONVERSION = YES;
				CLANG_WARN_INFINITE_RECURSION = YES;
				CLANG_WARN_INT_CONVERSION = YES;
				CLANG_WARN_NON_LITERAL_NULL_CONVERSION = YES;
				CLANG_WARN_OBJC_IMPLICIT_RETAIN_SELF = YES;
				CLANG_WARN_OBJC_LITERAL_CONVERSION = YES;
				CLANG_WARN_OBJC_ROOT_CLASS = YES_ERROR;
				CLANG_WARN_QUOTED_INCLUDE_IN_FRAMEWORK_HEADER = YES;
				CLANG_WARN_RANGE_LOOP_ANALYSIS = YES;
				CLANG_WARN_STRICT_PROTOTYPES = YES;
				CLANG_WARN_SUSPICIOUS_MOVE = YES;
				CLANG_WARN_UNGUARDED_AVAILABILITY = YES_AGGRESSIVE;
				CLANG_WARN_UNREACHABLE_CODE = YES;
				CLANG_WARN__DUPLICATE_METHOD_MATCH = YES;
				COPY_PHASE_STRIP = NO;
				DEBUG_INFORMATION_FORMAT = dwarf;
				ENABLE_STRICT_OBJC_MSGSEND = YES;
				ENABLE_TESTABILITY = YES;
				GCC_C_LANGUAGE_STANDARD = gnu11;
				GCC_DYNAMIC_NO_PIC = NO;
				GCC_NO_COMMON_BLOCKS = YES;
				GCC_OPTIMIZATION_LEVEL = 0;
				GCC_PREPROCESSOR_DEFINITIONS = (
					"DEBUG=1",
					"$(inherited)",
				);
				GCC_WARN_64_TO_32_BIT_CONVERSION = YES;
				GCC_WARN_ABOUT_RETURN_TYPE = YES_ERROR;
				GCC_WARN_UNDECLARED_SELECTOR = YES;
				GCC_WARN_UNINITIALIZED_AUTOS = YES_AGGRESSIVE;
				GCC_WARN_UNUSED_FUNCTION = YES;
				GCC_WARN_UNUSED_VARIABLE = YES;
				IPHONEOS_DEPLOYMENT_TARGET = 15.4;
				MTL_ENABLE_DEBUG_INFO = INCLUDE_SOURCE;
				MTL_FAST_MATH = YES;
				ONLY_ACTIVE_ARCH = YES;
				SDKROOT = iphoneos;
				SWIFT_ACTIVE_COMPILATION_CONDITIONS = DEBUG;
				SWIFT_OPTIMIZATION_LEVEL = "-Onone";
			};
			name = Debug;
		};
		302E6CF428206BAF00C3CD69 /* Release */ = {
			isa = XCBuildConfiguration;
			buildSettings = {
				ALWAYS_SEARCH_USER_PATHS = NO;
				CLANG_ANALYZER_NONNULL = YES;
				CLANG_ANALYZER_NUMBER_OBJECT_CONVERSION = YES_AGGRESSIVE;
				CLANG_CXX_LANGUAGE_STANDARD = "gnu++17";
				CLANG_ENABLE_MODULES = YES;
				CLANG_ENABLE_OBJC_ARC = YES;
				CLANG_ENABLE_OBJC_WEAK = YES;
				CLANG_WARN_BLOCK_CAPTURE_AUTORELEASING = YES;
				CLANG_WARN_BOOL_CONVERSION = YES;
				CLANG_WARN_COMMA = YES;
				CLANG_WARN_CONSTANT_CONVERSION = YES;
				CLANG_WARN_DEPRECATED_OBJC_IMPLEMENTATIONS = YES;
				CLANG_WARN_DIRECT_OBJC_ISA_USAGE = YES_ERROR;
				CLANG_WARN_DOCUMENTATION_COMMENTS = YES;
				CLANG_WARN_EMPTY_BODY = YES;
				CLANG_WARN_ENUM_CONVERSION = YES;
				CLANG_WARN_INFINITE_RECURSION = YES;
				CLANG_WARN_INT_CONVERSION = YES;
				CLANG_WARN_NON_LITERAL_NULL_CONVERSION = YES;
				CLANG_WARN_OBJC_IMPLICIT_RETAIN_SELF = YES;
				CLANG_WARN_OBJC_LITERAL_CONVERSION = YES;
				CLANG_WARN_OBJC_ROOT_CLASS = YES_ERROR;
				CLANG_WARN_QUOTED_INCLUDE_IN_FRAMEWORK_HEADER = YES;
				CLANG_WARN_RANGE_LOOP_ANALYSIS = YES;
				CLANG_WARN_STRICT_PROTOTYPES = YES;
				CLANG_WARN_SUSPICIOUS_MOVE = YES;
				CLANG_WARN_UNGUARDED_AVAILABILITY = YES_AGGRESSIVE;
				CLANG_WARN_UNREACHABLE_CODE = YES;
				CLANG_WARN__DUPLICATE_METHOD_MATCH = YES;
				COPY_PHASE_STRIP = NO;
				DEBUG_INFORMATION_FORMAT = "dwarf-with-dsym";
				ENABLE_NS_ASSERTIONS = NO;
				ENABLE_STRICT_OBJC_MSGSEND = YES;
				GCC_C_LANGUAGE_STANDARD = gnu11;
				GCC_NO_COMMON_BLOCKS = YES;
				GCC_WARN_64_TO_32_BIT_CONVERSION = YES;
				GCC_WARN_ABOUT_RETURN_TYPE = YES_ERROR;
				GCC_WARN_UNDECLARED_SELECTOR = YES;
				GCC_WARN_UNINITIALIZED_AUTOS = YES_AGGRESSIVE;
				GCC_WARN_UNUSED_FUNCTION = YES;
				GCC_WARN_UNUSED_VARIABLE = YES;
				IPHONEOS_DEPLOYMENT_TARGET = 15.4;
				MTL_ENABLE_DEBUG_INFO = NO;
				MTL_FAST_MATH = YES;
				SDKROOT = iphoneos;
				SWIFT_COMPILATION_MODE = wholemodule;
				SWIFT_OPTIMIZATION_LEVEL = "-O";
				VALIDATE_PRODUCT = YES;
			};
			name = Release;
		};
		302E6CF628206BAF00C3CD69 /* Debug */ = {
			isa = XCBuildConfiguration;
			buildSettings = {
				ASSETCATALOG_COMPILER_APPICON_NAME = AppIcon;
				ASSETCATALOG_COMPILER_GLOBAL_ACCENT_COLOR_NAME = AccentColor;
				CODE_SIGN_STYLE = Automatic;
				CURRENT_PROJECT_VERSION = 1;
				DEVELOPMENT_ASSET_PATHS = "dictofun/Preview\\ Content";
				DEVELOPMENT_TEAM = CAS9ADTUV4;
				ENABLE_PREVIEWS = YES;
				GENERATE_INFOPLIST_FILE = NO;
				INFOPLIST_FILE = dictofun/Info.plist;
				INFOPLIST_KEY_UIApplicationSceneManifest_Generation = YES;
				INFOPLIST_KEY_UIApplicationSupportsIndirectInputEvents = YES;
				INFOPLIST_KEY_UILaunchScreen_Generation = YES;
				INFOPLIST_KEY_UISupportedInterfaceOrientations_iPad = "UIInterfaceOrientationPortrait UIInterfaceOrientationPortraitUpsideDown UIInterfaceOrientationLandscapeLeft UIInterfaceOrientationLandscapeRight";
				INFOPLIST_KEY_UISupportedInterfaceOrientations_iPhone = "UIInterfaceOrientationPortrait UIInterfaceOrientationLandscapeLeft UIInterfaceOrientationLandscapeRight";
				IPHONEOS_DEPLOYMENT_TARGET = 15.4;
				LD_RUNPATH_SEARCH_PATHS = (
					"$(inherited)",
					"@executable_path/Frameworks",
				);
				MARKETING_VERSION = 1.0;
				PRODUCT_BUNDLE_IDENTIFIER = osh.dictofun.app;
				PRODUCT_NAME = dictofun;
				SWIFT_EMIT_LOC_STRINGS = YES;
				SWIFT_VERSION = 5.0;
				TARGETED_DEVICE_FAMILY = "1,2";
			};
			name = Debug;
		};
		302E6CF728206BAF00C3CD69 /* Release */ = {
			isa = XCBuildConfiguration;
			buildSettings = {
				ASSETCATALOG_COMPILER_APPICON_NAME = AppIcon;
				ASSETCATALOG_COMPILER_GLOBAL_ACCENT_COLOR_NAME = AccentColor;
				CODE_SIGN_STYLE = Automatic;
				CURRENT_PROJECT_VERSION = 1;
				DEVELOPMENT_ASSET_PATHS = "dictofun/Preview\\ Content";
				DEVELOPMENT_TEAM = CAS9ADTUV4;
				ENABLE_PREVIEWS = YES;
				GENERATE_INFOPLIST_FILE = NO;
				INFOPLIST_FILE = dictofun/Info.plist;
				INFOPLIST_KEY_UIApplicationSceneManifest_Generation = YES;
				INFOPLIST_KEY_UIApplicationSupportsIndirectInputEvents = YES;
				INFOPLIST_KEY_UILaunchScreen_Generation = YES;
				INFOPLIST_KEY_UISupportedInterfaceOrientations_iPad = "UIInterfaceOrientationPortrait UIInterfaceOrientationPortraitUpsideDown UIInterfaceOrientationLandscapeLeft UIInterfaceOrientationLandscapeRight";
				INFOPLIST_KEY_UISupportedInterfaceOrientations_iPhone = "UIInterfaceOrientationPortrait UIInterfaceOrientationLandscapeLeft UIInterfaceOrientationLandscapeRight";
				IPHONEOS_DEPLOYMENT_TARGET = 15.4;
				LD_RUNPATH_SEARCH_PATHS = (
					"$(inherited)",
					"@executable_path/Frameworks",
				);
				MARKETING_VERSION = 1.0;
				PRODUCT_BUNDLE_IDENTIFIER = osh.dictofun.app;
				PRODUCT_NAME = dictofun;
				SWIFT_EMIT_LOC_STRINGS = YES;
				SWIFT_VERSION = 5.0;
				TARGETED_DEVICE_FAMILY = "1,2";
			};
			name = Release;
		};
		302E6CF928206BAF00C3CD69 /* Debug */ = {
			isa = XCBuildConfiguration;
			buildSettings = {
				ALWAYS_EMBED_SWIFT_STANDARD_LIBRARIES = YES;
				BUNDLE_LOADER = "$(TEST_HOST)";
				CODE_SIGN_STYLE = Automatic;
				CURRENT_PROJECT_VERSION = 1;
				DEVELOPMENT_TEAM = CAS9ADTUV4;
				GENERATE_INFOPLIST_FILE = YES;
				IPHONEOS_DEPLOYMENT_TARGET = 15.4;
				MARKETING_VERSION = 1.0;
				PRODUCT_BUNDLE_IDENTIFIER = osh.dictofun.appTests;
				PRODUCT_NAME = "$(TARGET_NAME)";
				SWIFT_EMIT_LOC_STRINGS = NO;
				SWIFT_VERSION = 5.0;
				TARGETED_DEVICE_FAMILY = "1,2";
				TEST_HOST = "$(BUILT_PRODUCTS_DIR)/dictofun.dictofun/dictofun";
			};
			name = Debug;
		};
		302E6CFA28206BAF00C3CD69 /* Release */ = {
			isa = XCBuildConfiguration;
			buildSettings = {
				ALWAYS_EMBED_SWIFT_STANDARD_LIBRARIES = YES;
				BUNDLE_LOADER = "$(TEST_HOST)";
				CODE_SIGN_STYLE = Automatic;
				CURRENT_PROJECT_VERSION = 1;
				DEVELOPMENT_TEAM = CAS9ADTUV4;
				GENERATE_INFOPLIST_FILE = YES;
				IPHONEOS_DEPLOYMENT_TARGET = 15.4;
				MARKETING_VERSION = 1.0;
				PRODUCT_BUNDLE_IDENTIFIER = osh.dictofun.appTests;
				PRODUCT_NAME = "$(TARGET_NAME)";
				SWIFT_EMIT_LOC_STRINGS = NO;
				SWIFT_VERSION = 5.0;
				TARGETED_DEVICE_FAMILY = "1,2";
				TEST_HOST = "$(BUILT_PRODUCTS_DIR)/dictofun.dictofun/dictofun";
			};
			name = Release;
		};
		302E6CFC28206BAF00C3CD69 /* Debug */ = {
			isa = XCBuildConfiguration;
			buildSettings = {
				ALWAYS_EMBED_SWIFT_STANDARD_LIBRARIES = YES;
				CODE_SIGN_STYLE = Automatic;
				CURRENT_PROJECT_VERSION = 1;
				DEVELOPMENT_TEAM = CAS9ADTUV4;
				GENERATE_INFOPLIST_FILE = YES;
				MARKETING_VERSION = 1.0;
				PRODUCT_BUNDLE_IDENTIFIER = osh.dictofun.appUITests;
				PRODUCT_NAME = "$(TARGET_NAME)";
				SWIFT_EMIT_LOC_STRINGS = NO;
				SWIFT_VERSION = 5.0;
				TARGETED_DEVICE_FAMILY = "1,2";
				TEST_TARGET_NAME = app;
			};
			name = Debug;
		};
		302E6CFD28206BAF00C3CD69 /* Release */ = {
			isa = XCBuildConfiguration;
			buildSettings = {
				ALWAYS_EMBED_SWIFT_STANDARD_LIBRARIES = YES;
				CODE_SIGN_STYLE = Automatic;
				CURRENT_PROJECT_VERSION = 1;
				DEVELOPMENT_TEAM = CAS9ADTUV4;
				GENERATE_INFOPLIST_FILE = YES;
				MARKETING_VERSION = 1.0;
				PRODUCT_BUNDLE_IDENTIFIER = osh.dictofun.appUITests;
				PRODUCT_NAME = "$(TARGET_NAME)";
				SWIFT_EMIT_LOC_STRINGS = NO;
				SWIFT_VERSION = 5.0;
				TARGETED_DEVICE_FAMILY = "1,2";
				TEST_TARGET_NAME = app;
			};
			name = Release;
		};
/* End XCBuildConfiguration section */

/* Begin XCConfigurationList section */
		302E6CCC28206BAD00C3CD69 /* Build configuration list for PBXProject "dictofun" */ = {
			isa = XCConfigurationList;
			buildConfigurations = (
				302E6CF328206BAF00C3CD69 /* Debug */,
				302E6CF428206BAF00C3CD69 /* Release */,
			);
			defaultConfigurationIsVisible = 0;
			defaultConfigurationName = Release;
		};
		302E6CF528206BAF00C3CD69 /* Build configuration list for PBXNativeTarget "dictofun" */ = {
			isa = XCConfigurationList;
			buildConfigurations = (
				302E6CF628206BAF00C3CD69 /* Debug */,
				302E6CF728206BAF00C3CD69 /* Release */,
			);
			defaultConfigurationIsVisible = 0;
			defaultConfigurationName = Release;
		};
		302E6CF828206BAF00C3CD69 /* Build configuration list for PBXNativeTarget "dictofunTests" */ = {
			isa = XCConfigurationList;
			buildConfigurations = (
				302E6CF928206BAF00C3CD69 /* Debug */,
				302E6CFA28206BAF00C3CD69 /* Release */,
			);
			defaultConfigurationIsVisible = 0;
			defaultConfigurationName = Release;
		};
		302E6CFB28206BAF00C3CD69 /* Build configuration list for PBXNativeTarget "dictofunUITests" */ = {
			isa = XCConfigurationList;
			buildConfigurations = (
				302E6CFC28206BAF00C3CD69 /* Debug */,
				302E6CFD28206BAF00C3CD69 /* Release */,
			);
			defaultConfigurationIsVisible = 0;
			defaultConfigurationName = Release;
		};
/* End XCConfigurationList section */

/* Begin XCRemoteSwiftPackageReference section */
		302371B929F51709009279B5 /* XCRemoteSwiftPackageReference "swift-composable-architecture" */ = {
			isa = XCRemoteSwiftPackageReference;
			repositoryURL = "https://github.com/pointfreeco/swift-composable-architecture";
			requirement = {
				kind = upToNextMajorVersion;
				minimumVersion = 0.52.0;
			};
		};
/* End XCRemoteSwiftPackageReference section */

/* Begin XCSwiftPackageProductDependency section */
		302371BA29F51709009279B5 /* ComposableArchitecture */ = {
			isa = XCSwiftPackageProductDependency;
			package = 302371B929F51709009279B5 /* XCRemoteSwiftPackageReference "swift-composable-architecture" */;
			productName = ComposableArchitecture;
		};
/* End XCSwiftPackageProductDependency section */
	};
	rootObject = 302E6CC928206BAD00C3CD69 /* Project object */;
}
